<?xml version="1.0" encoding="utf-8"?>
<Project ToolsVersion="4.0" xmlns="http://schemas.microsoft.com/developer/msbuild/2003">
  <ItemGroup>
    <None Include="Mile.Library.Windows.props" />
  </ItemGroup>
  <ItemGroup>
    <Filter Include="Mile.Windows.DwmHelpers">
      <UniqueIdentifier>{3e8ee3ea-a276-4c84-8e28-6ba60a43a21b}</UniqueIdentifier>
    </Filter>
  </ItemGroup>
  <ItemGroup>
    <ClCompile Include="Mile.Windows.DwmHelpers.cpp">
      <Filter>Mile.Windows.DwmHelpers</Filter>
    </ClCompile>
  </ItemGroup>
  <ItemGroup>
    <ClInclude Include="Mile.Windows.DwmHelpers.h">
      <Filter>Mile.Windows.DwmHelpers</Filter>
    </ClInclude>
  </ItemGroup>
</Project>